
Microsoft Visual Studio Solution File, Format Version 12.00
# Visual Studio Version 17
VisualStudioVersion = 17.1.32210.238
MinimumVisualStudioVersion = 10.0.40219.1
Project("{FAE04EC0-301F-11D3-BF4B-00C04F79EFBC}") = "zadacha", "zadacha\zadacha.csproj", "{FD5134DF-7AA9-4DFF-9F92-032F38E44FA5}"
EndProject
Global
	GlobalSection(SolutionConfigurationPlatforms) = preSolution
		Debug|Any CPU = Debug|Any CPU
		Release|Any CPU = Release|Any CPU
	EndGlobalSection
	GlobalSection(ProjectConfigurationPlatforms) = postSolution
		{FD5134DF-7AA9-4DFF-9F92-032F38E44FA5}.Debug|Any CPU.ActiveCfg = Debug|Any CPU
		{FD5134DF-7AA9-4DFF-9F92-032F38E44FA5}.Debug|Any CPU.Build.0 = Debug|Any CPU
		{FD5134DF-7AA9-4DFF-9F92-032F38E44FA5}.Release|Any CPU.ActiveCfg = Release|Any CPU
		{FD5134DF-7AA9-4DFF-9F92-032F38E44FA5}.Release|Any CPU.Build.0 = Release|Any CPU
	EndGlobalSection
	GlobalSection(SolutionProperties) = preSolution
		HideSolutionNode = FALSE
	EndGlobalSection
	GlobalSection(ExtensibilityGlobals) = postSolution
		SolutionGuid = {A72926E8-55CF-4527-88FB-C47825FB0DD1}
	EndGlobalSection
EndGlobal
